
Microsoft Visual Studio Solution File, Format Version 12.00
# Visual Studio Version 16
VisualStudioVersion = 16.0.29613.14
MinimumVisualStudioVersion = 10.0.40219.1
Project("{9A19103F-16F7-4668-BE54-9A1E7A4F7556}") = "PCHUBStore", "PCHUBStore\PCHUBStore.csproj", "{5A31AFF5-D37A-4401-A395-E2CF5ED9E9E3}"
EndProject
Project("{9A19103F-16F7-4668-BE54-9A1E7A4F7556}") = "PCHUBStore.Data", "PCHUBStore.Data\PCHUBStore.Data.csproj", "{096370D9-0AC9-4575-9751-3E185094B9A1}"
EndProject
Project("{FAE04EC0-301F-11D3-BF4B-00C04F79EFBC}") = "PCHUBStore.Data.Models", "PCHUBStore.Data.Models\PCHUBStore.Data.Models.csproj", "{49B478BE-631D-4B53-81D9-240B8BDB2311}"
EndProject
Global
	GlobalSection(SolutionConfigurationPlatforms) = preSolution
		Debug|Any CPU = Debug|Any CPU
		Release|Any CPU = Release|Any CPU
	EndGlobalSection
	GlobalSection(ProjectConfigurationPlatforms) = postSolution
		{5A31AFF5-D37A-4401-A395-E2CF5ED9E9E3}.Debug|Any CPU.ActiveCfg = Debug|Any CPU
		{5A31AFF5-D37A-4401-A395-E2CF5ED9E9E3}.Debug|Any CPU.Build.0 = Debug|Any CPU
		{5A31AFF5-D37A-4401-A395-E2CF5ED9E9E3}.Release|Any CPU.ActiveCfg = Release|Any CPU
		{5A31AFF5-D37A-4401-A395-E2CF5ED9E9E3}.Release|Any CPU.Build.0 = Release|Any CPU
		{096370D9-0AC9-4575-9751-3E185094B9A1}.Debug|Any CPU.ActiveCfg = Debug|Any CPU
		{096370D9-0AC9-4575-9751-3E185094B9A1}.Debug|Any CPU.Build.0 = Debug|Any CPU
		{096370D9-0AC9-4575-9751-3E185094B9A1}.Release|Any CPU.ActiveCfg = Release|Any CPU
		{096370D9-0AC9-4575-9751-3E185094B9A1}.Release|Any CPU.Build.0 = Release|Any CPU
		{49B478BE-631D-4B53-81D9-240B8BDB2311}.Debug|Any CPU.ActiveCfg = Debug|Any CPU
		{49B478BE-631D-4B53-81D9-240B8BDB2311}.Debug|Any CPU.Build.0 = Debug|Any CPU
		{49B478BE-631D-4B53-81D9-240B8BDB2311}.Release|Any CPU.ActiveCfg = Release|Any CPU
		{49B478BE-631D-4B53-81D9-240B8BDB2311}.Release|Any CPU.Build.0 = Release|Any CPU
	EndGlobalSection
	GlobalSection(SolutionProperties) = preSolution
		HideSolutionNode = FALSE
	EndGlobalSection
	GlobalSection(ExtensibilityGlobals) = postSolution
		SolutionGuid = {DBA0CD26-DB41-4258-835D-CA6ADA96830C}
	EndGlobalSection
EndGlobal
